// !$*UTF8*$!
{
	archiveVersion = 1;
	classes = {
	};
	objectVersion = 46;
	objects = {

/* Begin PBXBuildFile section */
		DACBB4AA1D7A0855005D2F36 /* CAppDelegate.swift in Sources */ = {isa = PBXBuildFile; fileRef = DACBB4A31D7A0855005D2F36 /* CAppDelegate.swift */; };
		DACBB4AB1D7A0855005D2F36 /* MainMenu.xib in Resources */ = {isa = PBXBuildFile; fileRef = DACBB4A91D7A0855005D2F36 /* MainMenu.xib */; };
		DACBB4AD1D7A0E36005D2F36 /* main.swift in Sources */ = {isa = PBXBuildFile; fileRef = DACBB4AC1D7A0E36005D2F36 /* main.swift */; };
		DACBB4AF1D7A20BC005D2F36 /* CEditor.swift in Sources */ = {isa = PBXBuildFile; fileRef = DACBB4AE1D7A20BC005D2F36 /* CEditor.swift */; };
		DACBB4B11D7A20EC005D2F36 /* VEditor.swift in Sources */ = {isa = PBXBuildFile; fileRef = DACBB4B01D7A20EC005D2F36 /* VEditor.swift */; };
/* End PBXBuildFile section */

/* Begin PBXFileReference section */
		DACBB48E1D7A05E1005D2F36 /* turing.app */ = {isa = PBXFileReference; explicitFileType = wrapper.application; includeInIndex = 0; path = turing.app; sourceTree = BUILT_PRODUCTS_DIR; };
		DACBB4981D7A05E1005D2F36 /* Info.plist */ = {isa = PBXFileReference; lastKnownFileType = text.plist.xml; path = Info.plist; sourceTree = "<group>"; };
		DACBB4A31D7A0855005D2F36 /* CAppDelegate.swift */ = {isa = PBXFileReference; fileEncoding = 4; lastKnownFileType = sourcecode.swift; path = CAppDelegate.swift; sourceTree = "<group>"; };
		DACBB4A91D7A0855005D2F36 /* MainMenu.xib */ = {isa = PBXFileReference; fileEncoding = 4; lastKnownFileType = file.xib; path = MainMenu.xib; sourceTree = "<group>"; };
		DACBB4AC1D7A0E36005D2F36 /* main.swift */ = {isa = PBXFileReference; fileEncoding = 4; lastKnownFileType = sourcecode.swift; path = main.swift; sourceTree = "<group>"; };
		DACBB4AE1D7A20BC005D2F36 /* CEditor.swift */ = {isa = PBXFileReference; fileEncoding = 4; lastKnownFileType = sourcecode.swift; path = CEditor.swift; sourceTree = "<group>"; };
		DACBB4B01D7A20EC005D2F36 /* VEditor.swift */ = {isa = PBXFileReference; fileEncoding = 4; lastKnownFileType = sourcecode.swift; path = VEditor.swift; sourceTree = "<group>"; };
/* End PBXFileReference section */

/* Begin PBXFrameworksBuildPhase section */
		DACBB48B1D7A05E1005D2F36 /* Frameworks */ = {
			isa = PBXFrameworksBuildPhase;
			buildActionMask = 2147483647;
			files = (
			);
			runOnlyForDeploymentPostprocessing = 0;
		};
/* End PBXFrameworksBuildPhase section */

/* Begin PBXGroup section */
		DACBB4851D7A05E1005D2F36 = {
			isa = PBXGroup;
			children = (
				DACBB4901D7A05E1005D2F36 /* turing */,
				DACBB48F1D7A05E1005D2F36 /* Products */,
			);
			sourceTree = "<group>";
		};
		DACBB48F1D7A05E1005D2F36 /* Products */ = {
			isa = PBXGroup;
			children = (
				DACBB48E1D7A05E1005D2F36 /* turing.app */,
			);
			name = Products;
			sourceTree = "<group>";
		};
		DACBB4901D7A05E1005D2F36 /* turing */ = {
			isa = PBXGroup;
			children = (
				DACBB4A11D7A0855005D2F36 /* Assets */,
				DACBB4A21D7A0855005D2F36 /* Controller */,
				DACBB4A41D7A0855005D2F36 /* Firebase */,
				DACBB4A51D7A0855005D2F36 /* Model */,
				DACBB4A61D7A0855005D2F36 /* Resources */,
				DACBB4A71D7A0855005D2F36 /* View */,
				DACBB4A81D7A0855005D2F36 /* XIB */,
				DACBB4981D7A05E1005D2F36 /* Info.plist */,
			);
			path = turing;
			sourceTree = "<group>";
		};
		DACBB4A11D7A0855005D2F36 /* Assets */ = {
			isa = PBXGroup;
			children = (
			);
			path = Assets;
			sourceTree = "<group>";
		};
		DACBB4A21D7A0855005D2F36 /* Controller */ = {
			isa = PBXGroup;
			children = (
				DACBB4AC1D7A0E36005D2F36 /* main.swift */,
				DACBB4A31D7A0855005D2F36 /* CAppDelegate.swift */,
				DACBB4AE1D7A20BC005D2F36 /* CEditor.swift */,
			);
			path = Controller;
			sourceTree = "<group>";
		};
		DACBB4A41D7A0855005D2F36 /* Firebase */ = {
			isa = PBXGroup;
			children = (
			);
			path = Firebase;
			sourceTree = "<group>";
		};
		DACBB4A51D7A0855005D2F36 /* Model */ = {
			isa = PBXGroup;
			children = (
			);
			path = Model;
			sourceTree = "<group>";
		};
		DACBB4A61D7A0855005D2F36 /* Resources */ = {
			isa = PBXGroup;
			children = (
			);
			path = Resources;
			sourceTree = "<group>";
		};
		DACBB4A71D7A0855005D2F36 /* View */ = {
			isa = PBXGroup;
			children = (
				DACBB4B01D7A20EC005D2F36 /* VEditor.swift */,
			);
			path = View;
			sourceTree = "<group>";
		};
		DACBB4A81D7A0855005D2F36 /* XIB */ = {
			isa = PBXGroup;
			children = (
				DACBB4A91D7A0855005D2F36 /* MainMenu.xib */,
			);
			path = XIB;
			sourceTree = "<group>";
		};
/* End PBXGroup section */

/* Begin PBXNativeTarget section */
		DACBB48D1D7A05E1005D2F36 /* turing */ = {
			isa = PBXNativeTarget;
			buildConfigurationList = DACBB49B1D7A05E1005D2F36 /* Build configuration list for PBXNativeTarget "turing" */;
			buildPhases = (
				DACBB48A1D7A05E1005D2F36 /* Sources */,
				DACBB48B1D7A05E1005D2F36 /* Frameworks */,
				DACBB48C1D7A05E1005D2F36 /* Resources */,
			);
			buildRules = (
			);
			dependencies = (
			);
			name = turing;
			productName = turing;
			productReference = DACBB48E1D7A05E1005D2F36 /* turing.app */;
			productType = "com.apple.product-type.application";
		};
/* End PBXNativeTarget section */

/* Begin PBXProject section */
		DACBB4861D7A05E1005D2F36 /* Project object */ = {
			isa = PBXProject;
			attributes = {
				LastSwiftUpdateCheck = 0730;
				LastUpgradeCheck = 0730;
				ORGANIZATIONNAME = iturbide;
				TargetAttributes = {
					DACBB48D1D7A05E1005D2F36 = {
						CreatedOnToolsVersion = 7.3.1;
					};
				};
			};
			buildConfigurationList = DACBB4891D7A05E1005D2F36 /* Build configuration list for PBXProject "turing" */;
			compatibilityVersion = "Xcode 3.2";
			developmentRegion = English;
			hasScannedForEncodings = 0;
			knownRegions = (
				en,
			);
			mainGroup = DACBB4851D7A05E1005D2F36;
			productRefGroup = DACBB48F1D7A05E1005D2F36 /* Products */;
			projectDirPath = "";
			projectRoot = "";
			targets = (
				DACBB48D1D7A05E1005D2F36 /* turing */,
			);
		};
/* End PBXProject section */

/* Begin PBXResourcesBuildPhase section */
		DACBB48C1D7A05E1005D2F36 /* Resources */ = {
			isa = PBXResourcesBuildPhase;
			buildActionMask = 2147483647;
			files = (
				DACBB4AB1D7A0855005D2F36 /* MainMenu.xib in Resources */,
			);
			runOnlyForDeploymentPostprocessing = 0;
		};
/* End PBXResourcesBuildPhase section */

/* Begin PBXSourcesBuildPhase section */
		DACBB48A1D7A05E1005D2F36 /* Sources */ = {
			isa = PBXSourcesBuildPhase;
			buildActionMask = 2147483647;
			files = (
				DACBB4AD1D7A0E36005D2F36 /* main.swift in Sources */,
				DACBB4B11D7A20EC005D2F36 /* VEditor.swift in Sources */,
				DACBB4AA1D7A0855005D2F36 /* CAppDelegate.swift in Sources */,
				DACBB4AF1D7A20BC005D2F36 /* CEditor.swift in Sources */,
			);
			runOnlyForDeploymentPostprocessing = 0;
		};
/* End PBXSourcesBuildPhase section */

/* Begin XCBuildConfiguration section */
		DACBB4991D7A05E1005D2F36 /* Debug */ = {
			isa = XCBuildConfiguration;
			buildSettings = {
				ALWAYS_SEARCH_USER_PATHS = NO;
				CLANG_ANALYZER_NONNULL = YES;
				CLANG_CXX_LANGUAGE_STANDARD = "gnu++0x";
				CLANG_CXX_LIBRARY = "libc++";
				CLANG_ENABLE_MODULES = YES;
				CLANG_ENABLE_OBJC_ARC = YES;
				CLANG_WARN_BOOL_CONVERSION = YES;
				CLANG_WARN_CONSTANT_CONVERSION = YES;
				CLANG_WARN_DIRECT_OBJC_ISA_USAGE = YES_ERROR;
				CLANG_WARN_EMPTY_BODY = YES;
				CLANG_WARN_ENUM_CONVERSION = YES;
				CLANG_WARN_INT_CONVERSION = YES;
				CLANG_WARN_OBJC_ROOT_CLASS = YES_ERROR;
				CLANG_WARN_UNREACHABLE_CODE = YES;
				CLANG_WARN__DUPLICATE_METHOD_MATCH = YES;
				CODE_SIGN_IDENTITY = "-";
				COPY_PHASE_STRIP = NO;
				DEBUG_INFORMATION_FORMAT = dwarf;
				ENABLE_STRICT_OBJC_MSGSEND = YES;
				ENABLE_TESTABILITY = YES;
				GCC_C_LANGUAGE_STANDARD = gnu99;
				GCC_DYNAMIC_NO_PIC = NO;
				GCC_NO_COMMON_BLOCKS = YES;
				GCC_OPTIMIZATION_LEVEL = 0;
				GCC_PREPROCESSOR_DEFINITIONS = (
					"DEBUG=1",
					"$(inherited)",
				);
				GCC_WARN_64_TO_32_BIT_CONVERSION = YES;
				GCC_WARN_ABOUT_RETURN_TYPE = YES_ERROR;
				GCC_WARN_UNDECLARED_SELECTOR = YES;
				GCC_WARN_UNINITIALIZED_AUTOS = YES_AGGRESSIVE;
				GCC_WARN_UNUSED_FUNCTION = YES;
				GCC_WARN_UNUSED_VARIABLE = YES;
				MACOSX_DEPLOYMENT_TARGET = 10.11;
				MTL_ENABLE_DEBUG_INFO = YES;
				ONLY_ACTIVE_ARCH = YES;
				SDKROOT = macosx;
				SWIFT_OPTIMIZATION_LEVEL = "-Onone";
			};
			name = Debug;
		};
		DACBB49A1D7A05E1005D2F36 /* Release */ = {
			isa = XCBuildConfiguration;
			buildSettings = {
				ALWAYS_SEARCH_USER_PATHS = NO;
				CLANG_ANALYZER_NONNULL = YES;
				CLANG_CXX_LANGUAGE_STANDARD = "gnu++0x";
				CLANG_CXX_LIBRARY = "libc++";
				CLANG_ENABLE_MODULES = YES;
				CLANG_ENABLE_OBJC_ARC = YES;
				CLANG_WARN_BOOL_CONVERSION = YES;
				CLANG_WARN_CONSTANT_CONVERSION = YES;
				CLANG_WARN_DIRECT_OBJC_ISA_USAGE = YES_ERROR;
				CLANG_WARN_EMPTY_BODY = YES;
				CLANG_WARN_ENUM_CONVERSION = YES;
				CLANG_WARN_INT_CONVERSION = YES;
				CLANG_WARN_OBJC_ROOT_CLASS = YES_ERROR;
				CLANG_WARN_UNREACHABLE_CODE = YES;
				CLANG_WARN__DUPLICATE_METHOD_MATCH = YES;
				CODE_SIGN_IDENTITY = "-";
				COPY_PHASE_STRIP = NO;
				DEBUG_INFORMATION_FORMAT = "dwarf-with-dsym";
				ENABLE_NS_ASSERTIONS = NO;
				ENABLE_STRICT_OBJC_MSGSEND = YES;
				GCC_C_LANGUAGE_STANDARD = gnu99;
				GCC_NO_COMMON_BLOCKS = YES;
				GCC_WARN_64_TO_32_BIT_CONVERSION = YES;
				GCC_WARN_ABOUT_RETURN_TYPE = YES_ERROR;
				GCC_WARN_UNDECLARED_SELECTOR = YES;
				GCC_WARN_UNINITIALIZED_AUTOS = YES_AGGRESSIVE;
				GCC_WARN_UNUSED_FUNCTION = YES;
				GCC_WARN_UNUSED_VARIABLE = YES;
				MACOSX_DEPLOYMENT_TARGET = 10.11;
				MTL_ENABLE_DEBUG_INFO = NO;
				SDKROOT = macosx;
			};
			name = Release;
		};
		DACBB49C1D7A05E1005D2F36 /* Debug */ = {
			isa = XCBuildConfiguration;
			buildSettings = {
				COMBINE_HIDPI_IMAGES = YES;
				INFOPLIST_FILE = turing/Info.plist;
				LD_RUNPATH_SEARCH_PATHS = "$(inherited) @executable_path/../Frameworks";
				PRODUCT_BUNDLE_IDENTIFIER = iturbide.turing;
				PRODUCT_NAME = "$(TARGET_NAME)";
			};
			name = Debug;
		};
		DACBB49D1D7A05E1005D2F36 /* Release */ = {
			isa = XCBuildConfiguration;
			buildSettings = {
				COMBINE_HIDPI_IMAGES = YES;
				INFOPLIST_FILE = turing/Info.plist;
				LD_RUNPATH_SEARCH_PATHS = "$(inherited) @executable_path/../Frameworks";
				PRODUCT_BUNDLE_IDENTIFIER = iturbide.turing;
				PRODUCT_NAME = "$(TARGET_NAME)";
			};
			name = Release;
		};
/* End XCBuildConfiguration section */

/* Begin XCConfigurationList section */
		DACBB4891D7A05E1005D2F36 /* Build configuration list for PBXProject "turing" */ = {
			isa = XCConfigurationList;
			buildConfigurations = (
				DACBB4991D7A05E1005D2F36 /* Debug */,
				DACBB49A1D7A05E1005D2F36 /* Release */,
			);
			defaultConfigurationIsVisible = 0;
			defaultConfigurationName = Release;
		};
		DACBB49B1D7A05E1005D2F36 /* Build configuration list for PBXNativeTarget "turing" */ = {
			isa = XCConfigurationList;
			buildConfigurations = (
				DACBB49C1D7A05E1005D2F36 /* Debug */,
				DACBB49D1D7A05E1005D2F36 /* Release */,
			);
			defaultConfigurationIsVisible = 0;
			defaultConfigurationName = Release;
		};
/* End XCConfigurationList section */
	};
	rootObject = DACBB4861D7A05E1005D2F36 /* Project object */;
}
